
Microsoft Visual Studio Solution File, Format Version 12.00
# Visual Studio Version 17
VisualStudioVersion = 17.11.35327.3
MinimumVisualStudioVersion = 10.0.40219.1
Project("{FAE04EC0-301F-11D3-BF4B-00C04F79EFBC}") = "T4_P_PetaPoco", "T4_P_PetaPoco.csproj", "{EDF75E3A-1753-4D2A-BB3F-8AE4D79C3BE1}"
EndProject
Global
	GlobalSection(SolutionConfigurationPlatforms) = preSolution
		Debug|Any CPU = Debug|Any CPU
		Release|Any CPU = Release|Any CPU
	EndGlobalSection
	GlobalSection(ProjectConfigurationPlatforms) = postSolution
		{EDF75E3A-1753-4D2A-BB3F-8AE4D79C3BE1}.Debug|Any CPU.ActiveCfg = Debug|Any CPU
		{EDF75E3A-1753-4D2A-BB3F-8AE4D79C3BE1}.Debug|Any CPU.Build.0 = Debug|Any CPU
		{EDF75E3A-1753-4D2A-BB3F-8AE4D79C3BE1}.Release|Any CPU.ActiveCfg = Release|Any CPU
		{EDF75E3A-1753-4D2A-BB3F-8AE4D79C3BE1}.Release|Any CPU.Build.0 = Release|Any CPU
	EndGlobalSection
	GlobalSection(SolutionProperties) = preSolution
		HideSolutionNode = FALSE
	EndGlobalSection
	GlobalSection(ExtensibilityGlobals) = postSolution
		SolutionGuid = {860C68CD-1A50-4E39-BA8F-558C63AFE984}
	EndGlobalSection
EndGlobal
