
Microsoft Visual Studio Solution File, Format Version 12.00
# Visual Studio Version 17
VisualStudioVersion = 17.11.35327.3
MinimumVisualStudioVersion = 10.0.40219.1
Project("{FAE04EC0-301F-11D3-BF4B-00C04F79EFBC}") = "GonzalezBesadaAdrianTarea2", "GonzalezBesadaAdrianTarea2.csproj", "{C7AA6B30-96B4-4C51-96C5-30F9DDF0E00E}"
EndProject
Global
	GlobalSection(SolutionConfigurationPlatforms) = preSolution
		Debug|Any CPU = Debug|Any CPU
		Release|Any CPU = Release|Any CPU
	EndGlobalSection
	GlobalSection(ProjectConfigurationPlatforms) = postSolution
		{C7AA6B30-96B4-4C51-96C5-30F9DDF0E00E}.Debug|Any CPU.ActiveCfg = Debug|Any CPU
		{C7AA6B30-96B4-4C51-96C5-30F9DDF0E00E}.Debug|Any CPU.Build.0 = Debug|Any CPU
		{C7AA6B30-96B4-4C51-96C5-30F9DDF0E00E}.Release|Any CPU.ActiveCfg = Release|Any CPU
		{C7AA6B30-96B4-4C51-96C5-30F9DDF0E00E}.Release|Any CPU.Build.0 = Release|Any CPU
	EndGlobalSection
	GlobalSection(SolutionProperties) = preSolution
		HideSolutionNode = FALSE
	EndGlobalSection
	GlobalSection(ExtensibilityGlobals) = postSolution
		SolutionGuid = {201A722B-8460-4728-8B27-BD65E298976D}
	EndGlobalSection
EndGlobal
